
Microsoft Visual Studio Solution File, Format Version 12.00
# Visual Studio 15
VisualStudioVersion = 15.0.26730.16
MinimumVisualStudioVersion = 10.0.40219.1
Project("{FAE04EC0-301F-11D3-BF4B-00C04F79EFBC}") = "BatteryMobileSaver.Android", "BatteryMobileSaver\BatteryMobileSaver.Android\BatteryMobileSaver.Android.csproj", "{22D54EB0-4730-4B56-9C83-A64F6E66F622}"
EndProject
Project("{FAE04EC0-301F-11D3-BF4B-00C04F79EFBC}") = "BatteryMobileSaver", "BatteryMobileSaver\BatteryMobileSaver\BatteryMobileSaver.csproj", "{C68CBCCC-27BB-45DC-9600-DA45F1E1FA11}"
EndProject
Project("{FAE04EC0-301F-11D3-BF4B-00C04F79EFBC}") = "BatteryMobileSaver.UWP", "BatteryMobileSaver\BatteryMobileSaver.UWP\BatteryMobileSaver.UWP.csproj", "{9F11DCF7-87BA-4113-93E6-1813F4436974}"
EndProject
Project("{FAE04EC0-301F-11D3-BF4B-00C04F79EFBC}") = "BatteryMobileSaver.iOS", "BatteryMobileSaver\BatteryMobileSaver.iOS\BatteryMobileSaver.iOS.csproj", "{9285D43F-E489-4BDE-A169-2DF35115DB86}"
EndProject
Project("{2150E333-8FDC-42A3-9474-1A3956D46DE8}") = "Libraries", "Libraries", "{506C18BA-DFFD-40A2-A6EB-A21AACBB7B51}"
EndProject
Project("{9A19103F-16F7-4668-BE54-9A1E7A4F7556}") = "LibDeviceInfo", "LibDeviceInfo\LibDeviceInfo.csproj", "{9E0F2C55-0089-4D9B-94E5-BE6AB44249EE}"
EndProject
Project("{FAE04EC0-301F-11D3-BF4B-00C04F79EFBC}") = "LibDeviceInfoAndroid", "LibDeviceInfoAndroid\LibDeviceInfoAndroid.csproj", "{FB382144-9302-423E-8437-5C5BE95F7864}"
EndProject
Project("{9A19103F-16F7-4668-BE54-9A1E7A4F7556}") = "ILibDeviceInfo", "ILibDeviceInfo\ILibDeviceInfo.csproj", "{6366516E-4AA1-41B4-AB73-348881927BB1}"
EndProject
Project("{D954291E-2A0B-460D-934E-DC6B0785DB48}") = "LibDeviceInfoShared", "LibDeviceInfoShared\LibDeviceInfoShared.shproj", "{AF243AD9-033C-4663-9397-56EFD40DF143}"
EndProject
Global
	GlobalSection(SharedMSBuildProjectFiles) = preSolution
		LibDeviceInfoShared\LibDeviceInfoShared.projitems*{af243ad9-033c-4663-9397-56efd40df143}*SharedItemsImports = 13
		LibDeviceInfoShared\LibDeviceInfoShared.projitems*{fb382144-9302-423e-8437-5c5be95f7864}*SharedItemsImports = 4
	EndGlobalSection
	GlobalSection(SolutionConfigurationPlatforms) = preSolution
		Ad-Hoc|Any CPU = Ad-Hoc|Any CPU
		Ad-Hoc|ARM = Ad-Hoc|ARM
		Ad-Hoc|iPhone = Ad-Hoc|iPhone
		Ad-Hoc|iPhoneSimulator = Ad-Hoc|iPhoneSimulator
		Ad-Hoc|x64 = Ad-Hoc|x64
		Ad-Hoc|x86 = Ad-Hoc|x86
		AppStore|Any CPU = AppStore|Any CPU
		AppStore|ARM = AppStore|ARM
		AppStore|iPhone = AppStore|iPhone
		AppStore|iPhoneSimulator = AppStore|iPhoneSimulator
		AppStore|x64 = AppStore|x64
		AppStore|x86 = AppStore|x86
		Debug|Any CPU = Debug|Any CPU
		Debug|ARM = Debug|ARM
		Debug|iPhone = Debug|iPhone
		Debug|iPhoneSimulator = Debug|iPhoneSimulator
		Debug|x64 = Debug|x64
		Debug|x86 = Debug|x86
		Release|Any CPU = Release|Any CPU
		Release|ARM = Release|ARM
		Release|iPhone = Release|iPhone
		Release|iPhoneSimulator = Release|iPhoneSimulator
		Release|x64 = Release|x64
		Release|x86 = Release|x86
	EndGlobalSection
	GlobalSection(ProjectConfigurationPlatforms) = postSolution
		{22D54EB0-4730-4B56-9C83-A64F6E66F622}.Ad-Hoc|Any CPU.ActiveCfg = Release|Any CPU
		{22D54EB0-4730-4B56-9C83-A64F6E66F622}.Ad-Hoc|Any CPU.Build.0 = Release|Any CPU
		{22D54EB0-4730-4B56-9C83-A64F6E66F622}.Ad-Hoc|Any CPU.Deploy.0 = Release|Any CPU
		{22D54EB0-4730-4B56-9C83-A64F6E66F622}.Ad-Hoc|ARM.ActiveCfg = Release|Any CPU
		{22D54EB0-4730-4B56-9C83-A64F6E66F622}.Ad-Hoc|ARM.Build.0 = Release|Any CPU
		{22D54EB0-4730-4B56-9C83-A64F6E66F622}.Ad-Hoc|ARM.Deploy.0 = Release|Any CPU
		{22D54EB0-4730-4B56-9C83-A64F6E66F622}.Ad-Hoc|iPhone.ActiveCfg = Release|Any CPU
		{22D54EB0-4730-4B56-9C83-A64F6E66F622}.Ad-Hoc|iPhone.Build.0 = Release|Any CPU
		{22D54EB0-4730-4B56-9C83-A64F6E66F622}.Ad-Hoc|iPhone.Deploy.0 = Release|Any CPU
		{22D54EB0-4730-4B56-9C83-A64F6E66F622}.Ad-Hoc|iPhoneSimulator.ActiveCfg = Release|Any CPU
		{22D54EB0-4730-4B56-9C83-A64F6E66F622}.Ad-Hoc|iPhoneSimulator.Build.0 = Release|Any CPU
		{22D54EB0-4730-4B56-9C83-A64F6E66F622}.Ad-Hoc|iPhoneSimulator.Deploy.0 = Release|Any CPU
		{22D54EB0-4730-4B56-9C83-A64F6E66F622}.Ad-Hoc|x64.ActiveCfg = Release|Any CPU
		{22D54EB0-4730-4B56-9C83-A64F6E66F622}.Ad-Hoc|x64.Build.0 = Release|Any CPU
		{22D54EB0-4730-4B56-9C83-A64F6E66F622}.Ad-Hoc|x64.Deploy.0 = Release|Any CPU
		{22D54EB0-4730-4B56-9C83-A64F6E66F622}.Ad-Hoc|x86.ActiveCfg = Release|Any CPU
		{22D54EB0-4730-4B56-9C83-A64F6E66F622}.Ad-Hoc|x86.Build.0 = Release|Any CPU
		{22D54EB0-4730-4B56-9C83-A64F6E66F622}.Ad-Hoc|x86.Deploy.0 = Release|Any CPU
		{22D54EB0-4730-4B56-9C83-A64F6E66F622}.AppStore|Any CPU.ActiveCfg = Release|Any CPU
		{22D54EB0-4730-4B56-9C83-A64F6E66F622}.AppStore|Any CPU.Build.0 = Release|Any CPU
		{22D54EB0-4730-4B56-9C83-A64F6E66F622}.AppStore|Any CPU.Deploy.0 = Release|Any CPU
		{22D54EB0-4730-4B56-9C83-A64F6E66F622}.AppStore|ARM.ActiveCfg = Release|Any CPU
		{22D54EB0-4730-4B56-9C83-A64F6E66F622}.AppStore|ARM.Build.0 = Release|Any CPU
		{22D54EB0-4730-4B56-9C83-A64F6E66F622}.AppStore|ARM.Deploy.0 = Release|Any CPU
		{22D54EB0-4730-4B56-9C83-A64F6E66F622}.AppStore|iPhone.ActiveCfg = Release|Any CPU
		{22D54EB0-4730-4B56-9C83-A64F6E66F622}.AppStore|iPhone.Build.0 = Release|Any CPU
		{22D54EB0-4730-4B56-9C83-A64F6E66F622}.AppStore|iPhone.Deploy.0 = Release|Any CPU
		{22D54EB0-4730-4B56-9C83-A64F6E66F622}.AppStore|iPhoneSimulator.ActiveCfg = Release|Any CPU
		{22D54EB0-4730-4B56-9C83-A64F6E66F622}.AppStore|iPhoneSimulator.Build.0 = Release|Any CPU
		{22D54EB0-4730-4B56-9C83-A64F6E66F622}.AppStore|iPhoneSimulator.Deploy.0 = Release|Any CPU
		{22D54EB0-4730-4B56-9C83-A64F6E66F622}.AppStore|x64.ActiveCfg = Release|Any CPU
		{22D54EB0-4730-4B56-9C83-A64F6E66F622}.AppStore|x64.Build.0 = Release|Any CPU
		{22D54EB0-4730-4B56-9C83-A64F6E66F622}.AppStore|x64.Deploy.0 = Release|Any CPU
		{22D54EB0-4730-4B56-9C83-A64F6E66F622}.AppStore|x86.ActiveCfg = Release|Any CPU
		{22D54EB0-4730-4B56-9C83-A64F6E66F622}.AppStore|x86.Build.0 = Release|Any CPU
		{22D54EB0-4730-4B56-9C83-A64F6E66F622}.AppStore|x86.Deploy.0 = Release|Any CPU
		{22D54EB0-4730-4B56-9C83-A64F6E66F622}.Debug|Any CPU.ActiveCfg = Debug|Any CPU
		{22D54EB0-4730-4B56-9C83-A64F6E66F622}.Debug|Any CPU.Build.0 = Debug|Any CPU
		{22D54EB0-4730-4B56-9C83-A64F6E66F622}.Debug|Any CPU.Deploy.0 = Debug|Any CPU
		{22D54EB0-4730-4B56-9C83-A64F6E66F622}.Debug|ARM.ActiveCfg = Debug|Any CPU
		{22D54EB0-4730-4B56-9C83-A64F6E66F622}.Debug|ARM.Build.0 = Debug|Any CPU
		{22D54EB0-4730-4B56-9C83-A64F6E66F622}.Debug|ARM.Deploy.0 = Debug|Any CPU
		{22D54EB0-4730-4B56-9C83-A64F6E66F622}.Debug|iPhone.ActiveCfg = Debug|Any CPU
		{22D54EB0-4730-4B56-9C83-A64F6E66F622}.Debug|iPhone.Build.0 = Debug|Any CPU
		{22D54EB0-4730-4B56-9C83-A64F6E66F622}.Debug|iPhone.Deploy.0 = Debug|Any CPU
		{22D54EB0-4730-4B56-9C83-A64F6E66F622}.Debug|iPhoneSimulator.ActiveCfg = Debug|Any CPU
		{22D54EB0-4730-4B56-9C83-A64F6E66F622}.Debug|iPhoneSimulator.Build.0 = Debug|Any CPU
		{22D54EB0-4730-4B56-9C83-A64F6E66F622}.Debug|iPhoneSimulator.Deploy.0 = Debug|Any CPU
		{22D54EB0-4730-4B56-9C83-A64F6E66F622}.Debug|x64.ActiveCfg = Debug|Any CPU
		{22D54EB0-4730-4B56-9C83-A64F6E66F622}.Debug|x64.Build.0 = Debug|Any CPU
		{22D54EB0-4730-4B56-9C83-A64F6E66F622}.Debug|x64.Deploy.0 = Debug|Any CPU
		{22D54EB0-4730-4B56-9C83-A64F6E66F622}.Debug|x86.ActiveCfg = Debug|Any CPU
		{22D54EB0-4730-4B56-9C83-A64F6E66F622}.Debug|x86.Build.0 = Debug|Any CPU
		{22D54EB0-4730-4B56-9C83-A64F6E66F622}.Debug|x86.Deploy.0 = Debug|Any CPU
		{22D54EB0-4730-4B56-9C83-A64F6E66F622}.Release|Any CPU.ActiveCfg = Release|Any CPU
		{22D54EB0-4730-4B56-9C83-A64F6E66F622}.Release|Any CPU.Build.0 = Release|Any CPU
		{22D54EB0-4730-4B56-9C83-A64F6E66F622}.Release|Any CPU.Deploy.0 = Release|Any CPU
		{22D54EB0-4730-4B56-9C83-A64F6E66F622}.Release|ARM.ActiveCfg = Release|Any CPU
		{22D54EB0-4730-4B56-9C83-A64F6E66F622}.Release|ARM.Build.0 = Release|Any CPU
		{22D54EB0-4730-4B56-9C83-A64F6E66F622}.Release|ARM.Deploy.0 = Release|Any CPU
		{22D54EB0-4730-4B56-9C83-A64F6E66F622}.Release|iPhone.ActiveCfg = Release|Any CPU
		{22D54EB0-4730-4B56-9C83-A64F6E66F622}.Release|iPhone.Build.0 = Release|Any CPU
		{22D54EB0-4730-4B56-9C83-A64F6E66F622}.Release|iPhone.Deploy.0 = Release|Any CPU
		{22D54EB0-4730-4B56-9C83-A64F6E66F622}.Release|iPhoneSimulator.ActiveCfg = Release|Any CPU
		{22D54EB0-4730-4B56-9C83-A64F6E66F622}.Release|iPhoneSimulator.Build.0 = Release|Any CPU
		{22D54EB0-4730-4B56-9C83-A64F6E66F622}.Release|iPhoneSimulator.Deploy.0 = Release|Any CPU
		{22D54EB0-4730-4B56-9C83-A64F6E66F622}.Release|x64.ActiveCfg = Release|Any CPU
		{22D54EB0-4730-4B56-9C83-A64F6E66F622}.Release|x64.Build.0 = Release|Any CPU
		{22D54EB0-4730-4B56-9C83-A64F6E66F622}.Release|x64.Deploy.0 = Release|Any CPU
		{22D54EB0-4730-4B56-9C83-A64F6E66F622}.Release|x86.ActiveCfg = Release|Any CPU
		{22D54EB0-4730-4B56-9C83-A64F6E66F622}.Release|x86.Build.0 = Release|Any CPU
		{22D54EB0-4730-4B56-9C83-A64F6E66F622}.Release|x86.Deploy.0 = Release|Any CPU
		{C68CBCCC-27BB-45DC-9600-DA45F1E1FA11}.Ad-Hoc|Any CPU.ActiveCfg = Release|Any CPU
		{C68CBCCC-27BB-45DC-9600-DA45F1E1FA11}.Ad-Hoc|Any CPU.Build.0 = Release|Any CPU
		{C68CBCCC-27BB-45DC-9600-DA45F1E1FA11}.Ad-Hoc|ARM.ActiveCfg = Release|Any CPU
		{C68CBCCC-27BB-45DC-9600-DA45F1E1FA11}.Ad-Hoc|ARM.Build.0 = Release|Any CPU
		{C68CBCCC-27BB-45DC-9600-DA45F1E1FA11}.Ad-Hoc|iPhone.ActiveCfg = Release|Any CPU
		{C68CBCCC-27BB-45DC-9600-DA45F1E1FA11}.Ad-Hoc|iPhone.Build.0 = Release|Any CPU
		{C68CBCCC-27BB-45DC-9600-DA45F1E1FA11}.Ad-Hoc|iPhoneSimulator.ActiveCfg = Release|Any CPU
		{C68CBCCC-27BB-45DC-9600-DA45F1E1FA11}.Ad-Hoc|iPhoneSimulator.Build.0 = Release|Any CPU
		{C68CBCCC-27BB-45DC-9600-DA45F1E1FA11}.Ad-Hoc|x64.ActiveCfg = Release|Any CPU
		{C68CBCCC-27BB-45DC-9600-DA45F1E1FA11}.Ad-Hoc|x64.Build.0 = Release|Any CPU
		{C68CBCCC-27BB-45DC-9600-DA45F1E1FA11}.Ad-Hoc|x86.ActiveCfg = Release|Any CPU
		{C68CBCCC-27BB-45DC-9600-DA45F1E1FA11}.Ad-Hoc|x86.Build.0 = Release|Any CPU
		{C68CBCCC-27BB-45DC-9600-DA45F1E1FA11}.AppStore|Any CPU.ActiveCfg = Release|Any CPU
		{C68CBCCC-27BB-45DC-9600-DA45F1E1FA11}.AppStore|Any CPU.Build.0 = Release|Any CPU
		{C68CBCCC-27BB-45DC-9600-DA45F1E1FA11}.AppStore|ARM.ActiveCfg = Release|Any CPU
		{C68CBCCC-27BB-45DC-9600-DA45F1E1FA11}.AppStore|ARM.Build.0 = Release|Any CPU
		{C68CBCCC-27BB-45DC-9600-DA45F1E1FA11}.AppStore|iPhone.ActiveCfg = Release|Any CPU
		{C68CBCCC-27BB-45DC-9600-DA45F1E1FA11}.AppStore|iPhone.Build.0 = Release|Any CPU
		{C68CBCCC-27BB-45DC-9600-DA45F1E1FA11}.AppStore|iPhoneSimulator.ActiveCfg = Release|Any CPU
		{C68CBCCC-27BB-45DC-9600-DA45F1E1FA11}.AppStore|iPhoneSimulator.Build.0 = Release|Any CPU
		{C68CBCCC-27BB-45DC-9600-DA45F1E1FA11}.AppStore|x64.ActiveCfg = Release|Any CPU
		{C68CBCCC-27BB-45DC-9600-DA45F1E1FA11}.AppStore|x64.Build.0 = Release|Any CPU
		{C68CBCCC-27BB-45DC-9600-DA45F1E1FA11}.AppStore|x86.ActiveCfg = Release|Any CPU
		{C68CBCCC-27BB-45DC-9600-DA45F1E1FA11}.AppStore|x86.Build.0 = Release|Any CPU
		{C68CBCCC-27BB-45DC-9600-DA45F1E1FA11}.Debug|Any CPU.ActiveCfg = Debug|Any CPU
		{C68CBCCC-27BB-45DC-9600-DA45F1E1FA11}.Debug|Any CPU.Build.0 = Debug|Any CPU
		{C68CBCCC-27BB-45DC-9600-DA45F1E1FA11}.Debug|ARM.ActiveCfg = Debug|Any CPU
		{C68CBCCC-27BB-45DC-9600-DA45F1E1FA11}.Debug|ARM.Build.0 = Debug|Any CPU
		{C68CBCCC-27BB-45DC-9600-DA45F1E1FA11}.Debug|iPhone.ActiveCfg = Debug|Any CPU
		{C68CBCCC-27BB-45DC-9600-DA45F1E1FA11}.Debug|iPhone.Build.0 = Debug|Any CPU
		{C68CBCCC-27BB-45DC-9600-DA45F1E1FA11}.Debug|iPhoneSimulator.ActiveCfg = Debug|Any CPU
		{C68CBCCC-27BB-45DC-9600-DA45F1E1FA11}.Debug|iPhoneSimulator.Build.0 = Debug|Any CPU
		{C68CBCCC-27BB-45DC-9600-DA45F1E1FA11}.Debug|x64.ActiveCfg = Debug|Any CPU
		{C68CBCCC-27BB-45DC-9600-DA45F1E1FA11}.Debug|x64.Build.0 = Debug|Any CPU
		{C68CBCCC-27BB-45DC-9600-DA45F1E1FA11}.Debug|x86.ActiveCfg = Debug|Any CPU
		{C68CBCCC-27BB-45DC-9600-DA45F1E1FA11}.Debug|x86.Build.0 = Debug|Any CPU
		{C68CBCCC-27BB-45DC-9600-DA45F1E1FA11}.Release|Any CPU.ActiveCfg = Release|Any CPU
		{C68CBCCC-27BB-45DC-9600-DA45F1E1FA11}.Release|Any CPU.Build.0 = Release|Any CPU
		{C68CBCCC-27BB-45DC-9600-DA45F1E1FA11}.Release|ARM.ActiveCfg = Release|Any CPU
		{C68CBCCC-27BB-45DC-9600-DA45F1E1FA11}.Release|ARM.Build.0 = Release|Any CPU
		{C68CBCCC-27BB-45DC-9600-DA45F1E1FA11}.Release|iPhone.ActiveCfg = Release|Any CPU
		{C68CBCCC-27BB-45DC-9600-DA45F1E1FA11}.Release|iPhone.Build.0 = Release|Any CPU
		{C68CBCCC-27BB-45DC-9600-DA45F1E1FA11}.Release|iPhoneSimulator.ActiveCfg = Release|Any CPU
		{C68CBCCC-27BB-45DC-9600-DA45F1E1FA11}.Release|iPhoneSimulator.Build.0 = Release|Any CPU
		{C68CBCCC-27BB-45DC-9600-DA45F1E1FA11}.Release|x64.ActiveCfg = Release|Any CPU
		{C68CBCCC-27BB-45DC-9600-DA45F1E1FA11}.Release|x64.Build.0 = Release|Any CPU
		{C68CBCCC-27BB-45DC-9600-DA45F1E1FA11}.Release|x86.ActiveCfg = Release|Any CPU
		{C68CBCCC-27BB-45DC-9600-DA45F1E1FA11}.Release|x86.Build.0 = Release|Any CPU
		{9F11DCF7-87BA-4113-93E6-1813F4436974}.Ad-Hoc|Any CPU.ActiveCfg = Release|x86
		{9F11DCF7-87BA-4113-93E6-1813F4436974}.Ad-Hoc|Any CPU.Build.0 = Release|x86
		{9F11DCF7-87BA-4113-93E6-1813F4436974}.Ad-Hoc|Any CPU.Deploy.0 = Release|x86
		{9F11DCF7-87BA-4113-93E6-1813F4436974}.Ad-Hoc|ARM.ActiveCfg = Release|ARM
		{9F11DCF7-87BA-4113-93E6-1813F4436974}.Ad-Hoc|ARM.Build.0 = Release|ARM
		{9F11DCF7-87BA-4113-93E6-1813F4436974}.Ad-Hoc|ARM.Deploy.0 = Release|ARM
		{9F11DCF7-87BA-4113-93E6-1813F4436974}.Ad-Hoc|iPhone.ActiveCfg = Release|x86
		{9F11DCF7-87BA-4113-93E6-1813F4436974}.Ad-Hoc|iPhone.Build.0 = Release|x86
		{9F11DCF7-87BA-4113-93E6-1813F4436974}.Ad-Hoc|iPhone.Deploy.0 = Release|x86
		{9F11DCF7-87BA-4113-93E6-1813F4436974}.Ad-Hoc|iPhoneSimulator.ActiveCfg = Release|x86
		{9F11DCF7-87BA-4113-93E6-1813F4436974}.Ad-Hoc|iPhoneSimulator.Build.0 = Release|x86
		{9F11DCF7-87BA-4113-93E6-1813F4436974}.Ad-Hoc|iPhoneSimulator.Deploy.0 = Release|x86
		{9F11DCF7-87BA-4113-93E6-1813F4436974}.Ad-Hoc|x64.ActiveCfg = Release|x64
		{9F11DCF7-87BA-4113-93E6-1813F4436974}.Ad-Hoc|x64.Build.0 = Release|x64
		{9F11DCF7-87BA-4113-93E6-1813F4436974}.Ad-Hoc|x64.Deploy.0 = Release|x64
		{9F11DCF7-87BA-4113-93E6-1813F4436974}.Ad-Hoc|x86.ActiveCfg = Release|x86
		{9F11DCF7-87BA-4113-93E6-1813F4436974}.Ad-Hoc|x86.Build.0 = Release|x86
		{9F11DCF7-87BA-4113-93E6-1813F4436974}.Ad-Hoc|x86.Deploy.0 = Release|x86
		{9F11DCF7-87BA-4113-93E6-1813F4436974}.AppStore|Any CPU.ActiveCfg = Release|x86
		{9F11DCF7-87BA-4113-93E6-1813F4436974}.AppStore|Any CPU.Build.0 = Release|x86
		{9F11DCF7-87BA-4113-93E6-1813F4436974}.AppStore|Any CPU.Deploy.0 = Release|x86
		{9F11DCF7-87BA-4113-93E6-1813F4436974}.AppStore|ARM.ActiveCfg = Release|ARM
		{9F11DCF7-87BA-4113-93E6-1813F4436974}.AppStore|ARM.Build.0 = Release|ARM
		{9F11DCF7-87BA-4113-93E6-1813F4436974}.AppStore|ARM.Deploy.0 = Release|ARM
		{9F11DCF7-87BA-4113-93E6-1813F4436974}.AppStore|iPhone.ActiveCfg = Release|x86
		{9F11DCF7-87BA-4113-93E6-1813F4436974}.AppStore|iPhone.Build.0 = Release|x86
		{9F11DCF7-87BA-4113-93E6-1813F4436974}.AppStore|iPhone.Deploy.0 = Release|x86
		{9F11DCF7-87BA-4113-93E6-1813F4436974}.AppStore|iPhoneSimulator.ActiveCfg = Release|x86
		{9F11DCF7-87BA-4113-93E6-1813F4436974}.AppStore|iPhoneSimulator.Build.0 = Release|x86
		{9F11DCF7-87BA-4113-93E6-1813F4436974}.AppStore|iPhoneSimulator.Deploy.0 = Release|x86
		{9F11DCF7-87BA-4113-93E6-1813F4436974}.AppStore|x64.ActiveCfg = Release|x64
		{9F11DCF7-87BA-4113-93E6-1813F4436974}.AppStore|x64.Build.0 = Release|x64
		{9F11DCF7-87BA-4113-93E6-1813F4436974}.AppStore|x64.Deploy.0 = Release|x64
		{9F11DCF7-87BA-4113-93E6-1813F4436974}.AppStore|x86.ActiveCfg = Release|x86
		{9F11DCF7-87BA-4113-93E6-1813F4436974}.AppStore|x86.Build.0 = Release|x86
		{9F11DCF7-87BA-4113-93E6-1813F4436974}.AppStore|x86.Deploy.0 = Release|x86
		{9F11DCF7-87BA-4113-93E6-1813F4436974}.Debug|Any CPU.ActiveCfg = Debug|ARM
		{9F11DCF7-87BA-4113-93E6-1813F4436974}.Debug|Any CPU.Build.0 = Debug|ARM
		{9F11DCF7-87BA-4113-93E6-1813F4436974}.Debug|Any CPU.Deploy.0 = Debug|ARM
		{9F11DCF7-87BA-4113-93E6-1813F4436974}.Debug|ARM.ActiveCfg = Debug|ARM
		{9F11DCF7-87BA-4113-93E6-1813F4436974}.Debug|ARM.Build.0 = Debug|ARM
		{9F11DCF7-87BA-4113-93E6-1813F4436974}.Debug|ARM.Deploy.0 = Debug|ARM
		{9F11DCF7-87BA-4113-93E6-1813F4436974}.Debug|iPhone.ActiveCfg = Debug|x86
		{9F11DCF7-87BA-4113-93E6-1813F4436974}.Debug|iPhoneSimulator.ActiveCfg = Debug|x86
		{9F11DCF7-87BA-4113-93E6-1813F4436974}.Debug|x64.ActiveCfg = Debug|x64
		{9F11DCF7-87BA-4113-93E6-1813F4436974}.Debug|x64.Build.0 = Debug|x64
		{9F11DCF7-87BA-4113-93E6-1813F4436974}.Debug|x64.Deploy.0 = Debug|x64
		{9F11DCF7-87BA-4113-93E6-1813F4436974}.Debug|x86.ActiveCfg = Debug|x86
		{9F11DCF7-87BA-4113-93E6-1813F4436974}.Debug|x86.Build.0 = Debug|x86
		{9F11DCF7-87BA-4113-93E6-1813F4436974}.Debug|x86.Deploy.0 = Debug|x86
		{9F11DCF7-87BA-4113-93E6-1813F4436974}.Release|Any CPU.ActiveCfg = Release|x86
		{9F11DCF7-87BA-4113-93E6-1813F4436974}.Release|ARM.ActiveCfg = Release|ARM
		{9F11DCF7-87BA-4113-93E6-1813F4436974}.Release|ARM.Build.0 = Release|ARM
		{9F11DCF7-87BA-4113-93E6-1813F4436974}.Release|ARM.Deploy.0 = Release|ARM
		{9F11DCF7-87BA-4113-93E6-1813F4436974}.Release|iPhone.ActiveCfg = Release|x86
		{9F11DCF7-87BA-4113-93E6-1813F4436974}.Release|iPhoneSimulator.ActiveCfg = Release|x86
		{9F11DCF7-87BA-4113-93E6-1813F4436974}.Release|x64.ActiveCfg = Release|x64
		{9F11DCF7-87BA-4113-93E6-1813F4436974}.Release|x64.Build.0 = Release|x64
		{9F11DCF7-87BA-4113-93E6-1813F4436974}.Release|x64.Deploy.0 = Release|x64
		{9F11DCF7-87BA-4113-93E6-1813F4436974}.Release|x86.ActiveCfg = Release|x86
		{9F11DCF7-87BA-4113-93E6-1813F4436974}.Release|x86.Build.0 = Release|x86
		{9F11DCF7-87BA-4113-93E6-1813F4436974}.Release|x86.Deploy.0 = Release|x86
		{9285D43F-E489-4BDE-A169-2DF35115DB86}.Ad-Hoc|Any CPU.ActiveCfg = Ad-Hoc|iPhone
		{9285D43F-E489-4BDE-A169-2DF35115DB86}.Ad-Hoc|ARM.ActiveCfg = Ad-Hoc|iPhone
		{9285D43F-E489-4BDE-A169-2DF35115DB86}.Ad-Hoc|iPhone.ActiveCfg = Ad-Hoc|iPhone
		{9285D43F-E489-4BDE-A169-2DF35115DB86}.Ad-Hoc|iPhone.Build.0 = Ad-Hoc|iPhone
		{9285D43F-E489-4BDE-A169-2DF35115DB86}.Ad-Hoc|iPhoneSimulator.ActiveCfg = Ad-Hoc|iPhoneSimulator
		{9285D43F-E489-4BDE-A169-2DF35115DB86}.Ad-Hoc|iPhoneSimulator.Build.0 = Ad-Hoc|iPhoneSimulator
		{9285D43F-E489-4BDE-A169-2DF35115DB86}.Ad-Hoc|x64.ActiveCfg = Ad-Hoc|iPhone
		{9285D43F-E489-4BDE-A169-2DF35115DB86}.Ad-Hoc|x86.ActiveCfg = Ad-Hoc|iPhone
		{9285D43F-E489-4BDE-A169-2DF35115DB86}.AppStore|Any CPU.ActiveCfg = AppStore|iPhone
		{9285D43F-E489-4BDE-A169-2DF35115DB86}.AppStore|ARM.ActiveCfg = AppStore|iPhone
		{9285D43F-E489-4BDE-A169-2DF35115DB86}.AppStore|iPhone.ActiveCfg = AppStore|iPhone
		{9285D43F-E489-4BDE-A169-2DF35115DB86}.AppStore|iPhone.Build.0 = AppStore|iPhone
		{9285D43F-E489-4BDE-A169-2DF35115DB86}.AppStore|iPhoneSimulator.ActiveCfg = AppStore|iPhoneSimulator
		{9285D43F-E489-4BDE-A169-2DF35115DB86}.AppStore|iPhoneSimulator.Build.0 = AppStore|iPhoneSimulator
		{9285D43F-E489-4BDE-A169-2DF35115DB86}.AppStore|x64.ActiveCfg = AppStore|iPhone
		{9285D43F-E489-4BDE-A169-2DF35115DB86}.AppStore|x86.ActiveCfg = AppStore|iPhone
		{9285D43F-E489-4BDE-A169-2DF35115DB86}.Debug|Any CPU.ActiveCfg = Debug|iPhone
		{9285D43F-E489-4BDE-A169-2DF35115DB86}.Debug|Any CPU.Build.0 = Debug|iPhone
		{9285D43F-E489-4BDE-A169-2DF35115DB86}.Debug|ARM.ActiveCfg = Debug|iPhone
		{9285D43F-E489-4BDE-A169-2DF35115DB86}.Debug|iPhone.ActiveCfg = Debug|iPhoneSimulator
		{9285D43F-E489-4BDE-A169-2DF35115DB86}.Debug|iPhone.Build.0 = Debug|iPhoneSimulator
		{9285D43F-E489-4BDE-A169-2DF35115DB86}.Debug|iPhoneSimulator.ActiveCfg = Debug|iPhoneSimulator
		{9285D43F-E489-4BDE-A169-2DF35115DB86}.Debug|iPhoneSimulator.Build.0 = Debug|iPhoneSimulator
		{9285D43F-E489-4BDE-A169-2DF35115DB86}.Debug|x64.ActiveCfg = Debug|iPhone
		{9285D43F-E489-4BDE-A169-2DF35115DB86}.Debug|x86.ActiveCfg = Debug|iPhone
		{9285D43F-E489-4BDE-A169-2DF35115DB86}.Release|Any CPU.ActiveCfg = Release|iPhone
		{9285D43F-E489-4BDE-A169-2DF35115DB86}.Release|ARM.ActiveCfg = Release|iPhone
		{9285D43F-E489-4BDE-A169-2DF35115DB86}.Release|iPhone.ActiveCfg = Release|iPhone
		{9285D43F-E489-4BDE-A169-2DF35115DB86}.Release|iPhone.Build.0 = Release|iPhone
		{9285D43F-E489-4BDE-A169-2DF35115DB86}.Release|iPhoneSimulator.ActiveCfg = Release|iPhoneSimulator
		{9285D43F-E489-4BDE-A169-2DF35115DB86}.Release|iPhoneSimulator.Build.0 = Release|iPhoneSimulator
		{9285D43F-E489-4BDE-A169-2DF35115DB86}.Release|x64.ActiveCfg = Release|iPhone
		{9285D43F-E489-4BDE-A169-2DF35115DB86}.Release|x86.ActiveCfg = Release|iPhone
		{9E0F2C55-0089-4D9B-94E5-BE6AB44249EE}.Ad-Hoc|Any CPU.ActiveCfg = Debug|Any CPU
		{9E0F2C55-0089-4D9B-94E5-BE6AB44249EE}.Ad-Hoc|Any CPU.Build.0 = Debug|Any CPU
		{9E0F2C55-0089-4D9B-94E5-BE6AB44249EE}.Ad-Hoc|ARM.ActiveCfg = Debug|Any CPU
		{9E0F2C55-0089-4D9B-94E5-BE6AB44249EE}.Ad-Hoc|ARM.Build.0 = Debug|Any CPU
		{9E0F2C55-0089-4D9B-94E5-BE6AB44249EE}.Ad-Hoc|iPhone.ActiveCfg = Debug|Any CPU
		{9E0F2C55-0089-4D9B-94E5-BE6AB44249EE}.Ad-Hoc|iPhone.Build.0 = Debug|Any CPU
		{9E0F2C55-0089-4D9B-94E5-BE6AB44249EE}.Ad-Hoc|iPhoneSimulator.ActiveCfg = Debug|Any CPU
		{9E0F2C55-0089-4D9B-94E5-BE6AB44249EE}.Ad-Hoc|iPhoneSimulator.Build.0 = Debug|Any CPU
		{9E0F2C55-0089-4D9B-94E5-BE6AB44249EE}.Ad-Hoc|x64.ActiveCfg = Debug|Any CPU
		{9E0F2C55-0089-4D9B-94E5-BE6AB44249EE}.Ad-Hoc|x64.Build.0 = Debug|Any CPU
		{9E0F2C55-0089-4D9B-94E5-BE6AB44249EE}.Ad-Hoc|x86.ActiveCfg = Debug|Any CPU
		{9E0F2C55-0089-4D9B-94E5-BE6AB44249EE}.Ad-Hoc|x86.Build.0 = Debug|Any CPU
		{9E0F2C55-0089-4D9B-94E5-BE6AB44249EE}.AppStore|Any CPU.ActiveCfg = Debug|Any CPU
		{9E0F2C55-0089-4D9B-94E5-BE6AB44249EE}.AppStore|Any CPU.Build.0 = Debug|Any CPU
		{9E0F2C55-0089-4D9B-94E5-BE6AB44249EE}.AppStore|ARM.ActiveCfg = Debug|Any CPU
		{9E0F2C55-0089-4D9B-94E5-BE6AB44249EE}.AppStore|ARM.Build.0 = Debug|Any CPU
		{9E0F2C55-0089-4D9B-94E5-BE6AB44249EE}.AppStore|iPhone.ActiveCfg = Debug|Any CPU
		{9E0F2C55-0089-4D9B-94E5-BE6AB44249EE}.AppStore|iPhone.Build.0 = Debug|Any CPU
		{9E0F2C55-0089-4D9B-94E5-BE6AB44249EE}.AppStore|iPhoneSimulator.ActiveCfg = Debug|Any CPU
		{9E0F2C55-0089-4D9B-94E5-BE6AB44249EE}.AppStore|iPhoneSimulator.Build.0 = Debug|Any CPU
		{9E0F2C55-0089-4D9B-94E5-BE6AB44249EE}.AppStore|x64.ActiveCfg = Debug|Any CPU
		{9E0F2C55-0089-4D9B-94E5-BE6AB44249EE}.AppStore|x64.Build.0 = Debug|Any CPU
		{9E0F2C55-0089-4D9B-94E5-BE6AB44249EE}.AppStore|x86.ActiveCfg = Debug|Any CPU
		{9E0F2C55-0089-4D9B-94E5-BE6AB44249EE}.AppStore|x86.Build.0 = Debug|Any CPU
		{9E0F2C55-0089-4D9B-94E5-BE6AB44249EE}.Debug|Any CPU.ActiveCfg = Debug|Any CPU
		{9E0F2C55-0089-4D9B-94E5-BE6AB44249EE}.Debug|Any CPU.Build.0 = Debug|Any CPU
		{9E0F2C55-0089-4D9B-94E5-BE6AB44249EE}.Debug|ARM.ActiveCfg = Debug|Any CPU
		{9E0F2C55-0089-4D9B-94E5-BE6AB44249EE}.Debug|ARM.Build.0 = Debug|Any CPU
		{9E0F2C55-0089-4D9B-94E5-BE6AB44249EE}.Debug|iPhone.ActiveCfg = Debug|Any CPU
		{9E0F2C55-0089-4D9B-94E5-BE6AB44249EE}.Debug|iPhone.Build.0 = Debug|Any CPU
		{9E0F2C55-0089-4D9B-94E5-BE6AB44249EE}.Debug|iPhoneSimulator.ActiveCfg = Debug|Any CPU
		{9E0F2C55-0089-4D9B-94E5-BE6AB44249EE}.Debug|iPhoneSimulator.Build.0 = Debug|Any CPU
		{9E0F2C55-0089-4D9B-94E5-BE6AB44249EE}.Debug|x64.ActiveCfg = Debug|Any CPU
		{9E0F2C55-0089-4D9B-94E5-BE6AB44249EE}.Debug|x64.Build.0 = Debug|Any CPU
		{9E0F2C55-0089-4D9B-94E5-BE6AB44249EE}.Debug|x86.ActiveCfg = Debug|Any CPU
		{9E0F2C55-0089-4D9B-94E5-BE6AB44249EE}.Debug|x86.Build.0 = Debug|Any CPU
		{9E0F2C55-0089-4D9B-94E5-BE6AB44249EE}.Release|Any CPU.ActiveCfg = Release|Any CPU
		{9E0F2C55-0089-4D9B-94E5-BE6AB44249EE}.Release|Any CPU.Build.0 = Release|Any CPU
		{9E0F2C55-0089-4D9B-94E5-BE6AB44249EE}.Release|ARM.ActiveCfg = Release|Any CPU
		{9E0F2C55-0089-4D9B-94E5-BE6AB44249EE}.Release|ARM.Build.0 = Release|Any CPU
		{9E0F2C55-0089-4D9B-94E5-BE6AB44249EE}.Release|iPhone.ActiveCfg = Release|Any CPU
		{9E0F2C55-0089-4D9B-94E5-BE6AB44249EE}.Release|iPhone.Build.0 = Release|Any CPU
		{9E0F2C55-0089-4D9B-94E5-BE6AB44249EE}.Release|iPhoneSimulator.ActiveCfg = Release|Any CPU
		{9E0F2C55-0089-4D9B-94E5-BE6AB44249EE}.Release|iPhoneSimulator.Build.0 = Release|Any CPU
		{9E0F2C55-0089-4D9B-94E5-BE6AB44249EE}.Release|x64.ActiveCfg = Release|Any CPU
		{9E0F2C55-0089-4D9B-94E5-BE6AB44249EE}.Release|x64.Build.0 = Release|Any CPU
		{9E0F2C55-0089-4D9B-94E5-BE6AB44249EE}.Release|x86.ActiveCfg = Release|Any CPU
		{9E0F2C55-0089-4D9B-94E5-BE6AB44249EE}.Release|x86.Build.0 = Release|Any CPU
		{FB382144-9302-423E-8437-5C5BE95F7864}.Ad-Hoc|Any CPU.ActiveCfg = Release|Any CPU
		{FB382144-9302-423E-8437-5C5BE95F7864}.Ad-Hoc|Any CPU.Build.0 = Release|Any CPU
		{FB382144-9302-423E-8437-5C5BE95F7864}.Ad-Hoc|ARM.ActiveCfg = Release|Any CPU
		{FB382144-9302-423E-8437-5C5BE95F7864}.Ad-Hoc|ARM.Build.0 = Release|Any CPU
		{FB382144-9302-423E-8437-5C5BE95F7864}.Ad-Hoc|iPhone.ActiveCfg = Release|Any CPU
		{FB382144-9302-423E-8437-5C5BE95F7864}.Ad-Hoc|iPhone.Build.0 = Release|Any CPU
		{FB382144-9302-423E-8437-5C5BE95F7864}.Ad-Hoc|iPhoneSimulator.ActiveCfg = Release|Any CPU
		{FB382144-9302-423E-8437-5C5BE95F7864}.Ad-Hoc|iPhoneSimulator.Build.0 = Release|Any CPU
		{FB382144-9302-423E-8437-5C5BE95F7864}.Ad-Hoc|x64.ActiveCfg = Release|Any CPU
		{FB382144-9302-423E-8437-5C5BE95F7864}.Ad-Hoc|x64.Build.0 = Release|Any CPU
		{FB382144-9302-423E-8437-5C5BE95F7864}.Ad-Hoc|x86.ActiveCfg = Release|Any CPU
		{FB382144-9302-423E-8437-5C5BE95F7864}.Ad-Hoc|x86.Build.0 = Release|Any CPU
		{FB382144-9302-423E-8437-5C5BE95F7864}.AppStore|Any CPU.ActiveCfg = Release|Any CPU
		{FB382144-9302-423E-8437-5C5BE95F7864}.AppStore|Any CPU.Build.0 = Release|Any CPU
		{FB382144-9302-423E-8437-5C5BE95F7864}.AppStore|ARM.ActiveCfg = Release|Any CPU
		{FB382144-9302-423E-8437-5C5BE95F7864}.AppStore|ARM.Build.0 = Release|Any CPU
		{FB382144-9302-423E-8437-5C5BE95F7864}.AppStore|iPhone.ActiveCfg = Release|Any CPU
		{FB382144-9302-423E-8437-5C5BE95F7864}.AppStore|iPhone.Build.0 = Release|Any CPU
		{FB382144-9302-423E-8437-5C5BE95F7864}.AppStore|iPhoneSimulator.ActiveCfg = Release|Any CPU
		{FB382144-9302-423E-8437-5C5BE95F7864}.AppStore|iPhoneSimulator.Build.0 = Release|Any CPU
		{FB382144-9302-423E-8437-5C5BE95F7864}.AppStore|x64.ActiveCfg = Release|Any CPU
		{FB382144-9302-423E-8437-5C5BE95F7864}.AppStore|x64.Build.0 = Release|Any CPU
		{FB382144-9302-423E-8437-5C5BE95F7864}.AppStore|x86.ActiveCfg = Release|Any CPU
		{FB382144-9302-423E-8437-5C5BE95F7864}.AppStore|x86.Build.0 = Release|Any CPU
		{FB382144-9302-423E-8437-5C5BE95F7864}.Debug|Any CPU.ActiveCfg = Debug|Any CPU
		{FB382144-9302-423E-8437-5C5BE95F7864}.Debug|Any CPU.Build.0 = Debug|Any CPU
		{FB382144-9302-423E-8437-5C5BE95F7864}.Debug|ARM.ActiveCfg = Debug|Any CPU
		{FB382144-9302-423E-8437-5C5BE95F7864}.Debug|ARM.Build.0 = Debug|Any CPU
		{FB382144-9302-423E-8437-5C5BE95F7864}.Debug|iPhone.ActiveCfg = Debug|Any CPU
		{FB382144-9302-423E-8437-5C5BE95F7864}.Debug|iPhone.Build.0 = Debug|Any CPU
		{FB382144-9302-423E-8437-5C5BE95F7864}.Debug|iPhoneSimulator.ActiveCfg = Debug|Any CPU
		{FB382144-9302-423E-8437-5C5BE95F7864}.Debug|iPhoneSimulator.Build.0 = Debug|Any CPU
		{FB382144-9302-423E-8437-5C5BE95F7864}.Debug|x64.ActiveCfg = Debug|Any CPU
		{FB382144-9302-423E-8437-5C5BE95F7864}.Debug|x64.Build.0 = Debug|Any CPU
		{FB382144-9302-423E-8437-5C5BE95F7864}.Debug|x86.ActiveCfg = Debug|Any CPU
		{FB382144-9302-423E-8437-5C5BE95F7864}.Debug|x86.Build.0 = Debug|Any CPU
		{FB382144-9302-423E-8437-5C5BE95F7864}.Release|Any CPU.ActiveCfg = Release|Any CPU
		{FB382144-9302-423E-8437-5C5BE95F7864}.Release|Any CPU.Build.0 = Release|Any CPU
		{FB382144-9302-423E-8437-5C5BE95F7864}.Release|ARM.ActiveCfg = Release|Any CPU
		{FB382144-9302-423E-8437-5C5BE95F7864}.Release|ARM.Build.0 = Release|Any CPU
		{FB382144-9302-423E-8437-5C5BE95F7864}.Release|iPhone.ActiveCfg = Release|Any CPU
		{FB382144-9302-423E-8437-5C5BE95F7864}.Release|iPhone.Build.0 = Release|Any CPU
		{FB382144-9302-423E-8437-5C5BE95F7864}.Release|iPhoneSimulator.ActiveCfg = Release|Any CPU
		{FB382144-9302-423E-8437-5C5BE95F7864}.Release|iPhoneSimulator.Build.0 = Release|Any CPU
		{FB382144-9302-423E-8437-5C5BE95F7864}.Release|x64.ActiveCfg = Release|Any CPU
		{FB382144-9302-423E-8437-5C5BE95F7864}.Release|x64.Build.0 = Release|Any CPU
		{FB382144-9302-423E-8437-5C5BE95F7864}.Release|x86.ActiveCfg = Release|Any CPU
		{FB382144-9302-423E-8437-5C5BE95F7864}.Release|x86.Build.0 = Release|Any CPU
		{6366516E-4AA1-41B4-AB73-348881927BB1}.Ad-Hoc|Any CPU.ActiveCfg = Debug|Any CPU
		{6366516E-4AA1-41B4-AB73-348881927BB1}.Ad-Hoc|Any CPU.Build.0 = Debug|Any CPU
		{6366516E-4AA1-41B4-AB73-348881927BB1}.Ad-Hoc|ARM.ActiveCfg = Debug|Any CPU
		{6366516E-4AA1-41B4-AB73-348881927BB1}.Ad-Hoc|ARM.Build.0 = Debug|Any CPU
		{6366516E-4AA1-41B4-AB73-348881927BB1}.Ad-Hoc|iPhone.ActiveCfg = Debug|Any CPU
		{6366516E-4AA1-41B4-AB73-348881927BB1}.Ad-Hoc|iPhone.Build.0 = Debug|Any CPU
		{6366516E-4AA1-41B4-AB73-348881927BB1}.Ad-Hoc|iPhoneSimulator.ActiveCfg = Debug|Any CPU
		{6366516E-4AA1-41B4-AB73-348881927BB1}.Ad-Hoc|iPhoneSimulator.Build.0 = Debug|Any CPU
		{6366516E-4AA1-41B4-AB73-348881927BB1}.Ad-Hoc|x64.ActiveCfg = Debug|Any CPU
		{6366516E-4AA1-41B4-AB73-348881927BB1}.Ad-Hoc|x64.Build.0 = Debug|Any CPU
		{6366516E-4AA1-41B4-AB73-348881927BB1}.Ad-Hoc|x86.ActiveCfg = Debug|Any CPU
		{6366516E-4AA1-41B4-AB73-348881927BB1}.Ad-Hoc|x86.Build.0 = Debug|Any CPU
		{6366516E-4AA1-41B4-AB73-348881927BB1}.AppStore|Any CPU.ActiveCfg = Debug|Any CPU
		{6366516E-4AA1-41B4-AB73-348881927BB1}.AppStore|Any CPU.Build.0 = Debug|Any CPU
		{6366516E-4AA1-41B4-AB73-348881927BB1}.AppStore|ARM.ActiveCfg = Debug|Any CPU
		{6366516E-4AA1-41B4-AB73-348881927BB1}.AppStore|ARM.Build.0 = Debug|Any CPU
		{6366516E-4AA1-41B4-AB73-348881927BB1}.AppStore|iPhone.ActiveCfg = Debug|Any CPU
		{6366516E-4AA1-41B4-AB73-348881927BB1}.AppStore|iPhone.Build.0 = Debug|Any CPU
		{6366516E-4AA1-41B4-AB73-348881927BB1}.AppStore|iPhoneSimulator.ActiveCfg = Debug|Any CPU
		{6366516E-4AA1-41B4-AB73-348881927BB1}.AppStore|iPhoneSimulator.Build.0 = Debug|Any CPU
		{6366516E-4AA1-41B4-AB73-348881927BB1}.AppStore|x64.ActiveCfg = Debug|Any CPU
		{6366516E-4AA1-41B4-AB73-348881927BB1}.AppStore|x64.Build.0 = Debug|Any CPU
		{6366516E-4AA1-41B4-AB73-348881927BB1}.AppStore|x86.ActiveCfg = Debug|Any CPU
		{6366516E-4AA1-41B4-AB73-348881927BB1}.AppStore|x86.Build.0 = Debug|Any CPU
		{6366516E-4AA1-41B4-AB73-348881927BB1}.Debug|Any CPU.ActiveCfg = Debug|Any CPU
		{6366516E-4AA1-41B4-AB73-348881927BB1}.Debug|Any CPU.Build.0 = Debug|Any CPU
		{6366516E-4AA1-41B4-AB73-348881927BB1}.Debug|ARM.ActiveCfg = Debug|Any CPU
		{6366516E-4AA1-41B4-AB73-348881927BB1}.Debug|ARM.Build.0 = Debug|Any CPU
		{6366516E-4AA1-41B4-AB73-348881927BB1}.Debug|iPhone.ActiveCfg = Debug|Any CPU
		{6366516E-4AA1-41B4-AB73-348881927BB1}.Debug|iPhone.Build.0 = Debug|Any CPU
		{6366516E-4AA1-41B4-AB73-348881927BB1}.Debug|iPhoneSimulator.ActiveCfg = Debug|Any CPU
		{6366516E-4AA1-41B4-AB73-348881927BB1}.Debug|iPhoneSimulator.Build.0 = Debug|Any CPU
		{6366516E-4AA1-41B4-AB73-348881927BB1}.Debug|x64.ActiveCfg = Debug|Any CPU
		{6366516E-4AA1-41B4-AB73-348881927BB1}.Debug|x64.Build.0 = Debug|Any CPU
		{6366516E-4AA1-41B4-AB73-348881927BB1}.Debug|x86.ActiveCfg = Debug|Any CPU
		{6366516E-4AA1-41B4-AB73-348881927BB1}.Debug|x86.Build.0 = Debug|Any CPU
		{6366516E-4AA1-41B4-AB73-348881927BB1}.Release|Any CPU.ActiveCfg = Release|Any CPU
		{6366516E-4AA1-41B4-AB73-348881927BB1}.Release|Any CPU.Build.0 = Release|Any CPU
		{6366516E-4AA1-41B4-AB73-348881927BB1}.Release|ARM.ActiveCfg = Release|Any CPU
		{6366516E-4AA1-41B4-AB73-348881927BB1}.Release|ARM.Build.0 = Release|Any CPU
		{6366516E-4AA1-41B4-AB73-348881927BB1}.Release|iPhone.ActiveCfg = Release|Any CPU
		{6366516E-4AA1-41B4-AB73-348881927BB1}.Release|iPhone.Build.0 = Release|Any CPU
		{6366516E-4AA1-41B4-AB73-348881927BB1}.Release|iPhoneSimulator.ActiveCfg = Release|Any CPU
		{6366516E-4AA1-41B4-AB73-348881927BB1}.Release|iPhoneSimulator.Build.0 = Release|Any CPU
		{6366516E-4AA1-41B4-AB73-348881927BB1}.Release|x64.ActiveCfg = Release|Any CPU
		{6366516E-4AA1-41B4-AB73-348881927BB1}.Release|x64.Build.0 = Release|Any CPU
		{6366516E-4AA1-41B4-AB73-348881927BB1}.Release|x86.ActiveCfg = Release|Any CPU
		{6366516E-4AA1-41B4-AB73-348881927BB1}.Release|x86.Build.0 = Release|Any CPU
	EndGlobalSection
	GlobalSection(SolutionProperties) = preSolution
		HideSolutionNode = FALSE
	EndGlobalSection
	GlobalSection(NestedProjects) = preSolution
		{9E0F2C55-0089-4D9B-94E5-BE6AB44249EE} = {506C18BA-DFFD-40A2-A6EB-A21AACBB7B51}
		{FB382144-9302-423E-8437-5C5BE95F7864} = {506C18BA-DFFD-40A2-A6EB-A21AACBB7B51}
		{6366516E-4AA1-41B4-AB73-348881927BB1} = {506C18BA-DFFD-40A2-A6EB-A21AACBB7B51}
		{AF243AD9-033C-4663-9397-56EFD40DF143} = {506C18BA-DFFD-40A2-A6EB-A21AACBB7B51}
	EndGlobalSection
	GlobalSection(ExtensibilityGlobals) = postSolution
		SolutionGuid = {0BEC3A80-F3EE-4CEB-A774-30B0339D2959}
	EndGlobalSection
EndGlobal
